
Microsoft Visual Studio Solution File, Format Version 12.00
# Visual Studio Version 17
VisualStudioVersion = 17.8.34330.188
MinimumVisualStudioVersion = 10.0.40219.1
Project("{9A19103F-16F7-4668-BE54-9A1E7A4F7556}") = "CSharp-Programming", "CSharp-Programming\CSharp-Programming.csproj", "{C59EC898-0B25-48FD-BF13-120F35310549}"
EndProject
Project("{2150E333-8FDC-42A3-9474-1A3956D46DE8}") = "CSharp", "CSharp", "{53819CA3-FC4B-4B4C-A87A-D2D833DE7A42}"
EndProject
Project("{9A19103F-16F7-4668-BE54-9A1E7A4F7556}") = "00._Programming", "00._Programming\00._Programming.csproj", "{229C0782-E74C-42DA-B773-12338B082105}"
EndProject
Project("{9A19103F-16F7-4668-BE54-9A1E7A4F7556}") = "01._DataType", "01._DataType\01._DataType.csproj", "{A2DA5920-A8F3-4F7A-85CD-CDEBBE58861E}"
EndProject
Project("{FAE04EC0-301F-11D3-BF4B-00C04F79EFBC}") = "02._Operator", "02._Operator\02._Operator.csproj", "{C5EEF656-6631-40D5-BC29-9927F5C673DD}"
EndProject
Project("{FAE04EC0-301F-11D3-BF4B-00C04F79EFBC}") = "03._Conditional", "03._Conditional\03._Conditional.csproj", "{B5F7C30F-55AE-411A-9814-B1EFD5ECD583}"
EndProject
Project("{FAE04EC0-301F-11D3-BF4B-00C04F79EFBC}") = "04._Loop", "04._Loop\04._Loop.csproj", "{457F4696-DFA9-4C16-BA93-B632D1A2DA3C}"
EndProject
Project("{FAE04EC0-301F-11D3-BF4B-00C04F79EFBC}") = "05._Function", "05._Function\05._Function.csproj", "{2807BD73-09EC-4BB8-914E-9EBF3F4B7535}"
EndProject
Project("{FAE04EC0-301F-11D3-BF4B-00C04F79EFBC}") = "06._UserDefineType", "06._UserDefineType\06._UserDefineType.csproj", "{FDB5F917-BF9B-464C-88E6-55850B1E59A4}"
EndProject
Project("{FAE04EC0-301F-11D3-BF4B-00C04F79EFBC}") = "07._Class", "07._Class\07._Class.csproj", "{24B877B3-21B6-4846-B5A9-A1904EC976F9}"
EndProject
Project("{FAE04EC0-301F-11D3-BF4B-00C04F79EFBC}") = "08._Memory", "08._Memory\08._Memory.csproj", "{E1CE714B-17A5-43E9-B210-1B92E0536257}"
EndProject
Project("{FAE04EC0-301F-11D3-BF4B-00C04F79EFBC}") = "09._OOP", "09._OOP\09._OOP.csproj", "{BF8E22EF-85AF-4BDE-BD31-85B951844629}"
EndProject
Project("{FAE04EC0-301F-11D3-BF4B-00C04F79EFBC}") = "10._Interface", "10._Interface\10._Interface.csproj", "{881C071F-F355-44D8-9147-1E12C0992646}"
EndProject
Project("{FAE04EC0-301F-11D3-BF4B-00C04F79EFBC}") = "11._Array", "11._Array\11._Array.csproj", "{22D6570E-0E4D-4E3F-9C71-821D8F696FB6}"
EndProject
Project("{FAE04EC0-301F-11D3-BF4B-00C04F79EFBC}") = "12._Generic", "12._Generic\12._Generic.csproj", "{49659B21-89CC-4CD4-BE1C-1627139159F3}"
EndProject
Project("{FAE04EC0-301F-11D3-BF4B-00C04F79EFBC}") = "13._Exception", "13._Exception\13._Exception.csproj", "{8C197B6A-01ED-4498-BB2B-4D1A7F4DCF0E}"
EndProject
Project("{FAE04EC0-301F-11D3-BF4B-00C04F79EFBC}") = "14._Delegate", "14._Delegate\14._Delegate.csproj", "{F77E0CE9-9B67-4C91-9D13-5C0553B6F0BA}"
EndProject
Project("{FAE04EC0-301F-11D3-BF4B-00C04F79EFBC}") = "15._Event", "15._Event\15._Event.csproj", "{96E59B36-B007-43F0-ABDE-85897F9D139A}"
EndProject
Global
	GlobalSection(SolutionConfigurationPlatforms) = preSolution
		Debug|Any CPU = Debug|Any CPU
		Release|Any CPU = Release|Any CPU
	EndGlobalSection
	GlobalSection(ProjectConfigurationPlatforms) = postSolution
		{C59EC898-0B25-48FD-BF13-120F35310549}.Debug|Any CPU.ActiveCfg = Debug|Any CPU
		{C59EC898-0B25-48FD-BF13-120F35310549}.Debug|Any CPU.Build.0 = Debug|Any CPU
		{C59EC898-0B25-48FD-BF13-120F35310549}.Release|Any CPU.ActiveCfg = Release|Any CPU
		{C59EC898-0B25-48FD-BF13-120F35310549}.Release|Any CPU.Build.0 = Release|Any CPU
		{229C0782-E74C-42DA-B773-12338B082105}.Debug|Any CPU.ActiveCfg = Debug|Any CPU
		{229C0782-E74C-42DA-B773-12338B082105}.Debug|Any CPU.Build.0 = Debug|Any CPU
		{229C0782-E74C-42DA-B773-12338B082105}.Release|Any CPU.ActiveCfg = Release|Any CPU
		{229C0782-E74C-42DA-B773-12338B082105}.Release|Any CPU.Build.0 = Release|Any CPU
		{A2DA5920-A8F3-4F7A-85CD-CDEBBE58861E}.Debug|Any CPU.ActiveCfg = Debug|Any CPU
		{A2DA5920-A8F3-4F7A-85CD-CDEBBE58861E}.Debug|Any CPU.Build.0 = Debug|Any CPU
		{A2DA5920-A8F3-4F7A-85CD-CDEBBE58861E}.Release|Any CPU.ActiveCfg = Release|Any CPU
		{A2DA5920-A8F3-4F7A-85CD-CDEBBE58861E}.Release|Any CPU.Build.0 = Release|Any CPU
		{C5EEF656-6631-40D5-BC29-9927F5C673DD}.Debug|Any CPU.ActiveCfg = Debug|Any CPU
		{C5EEF656-6631-40D5-BC29-9927F5C673DD}.Debug|Any CPU.Build.0 = Debug|Any CPU
		{C5EEF656-6631-40D5-BC29-9927F5C673DD}.Release|Any CPU.ActiveCfg = Release|Any CPU
		{C5EEF656-6631-40D5-BC29-9927F5C673DD}.Release|Any CPU.Build.0 = Release|Any CPU
		{B5F7C30F-55AE-411A-9814-B1EFD5ECD583}.Debug|Any CPU.ActiveCfg = Debug|Any CPU
		{B5F7C30F-55AE-411A-9814-B1EFD5ECD583}.Debug|Any CPU.Build.0 = Debug|Any CPU
		{B5F7C30F-55AE-411A-9814-B1EFD5ECD583}.Release|Any CPU.ActiveCfg = Release|Any CPU
		{B5F7C30F-55AE-411A-9814-B1EFD5ECD583}.Release|Any CPU.Build.0 = Release|Any CPU
		{457F4696-DFA9-4C16-BA93-B632D1A2DA3C}.Debug|Any CPU.ActiveCfg = Debug|Any CPU
		{457F4696-DFA9-4C16-BA93-B632D1A2DA3C}.Debug|Any CPU.Build.0 = Debug|Any CPU
		{457F4696-DFA9-4C16-BA93-B632D1A2DA3C}.Release|Any CPU.ActiveCfg = Release|Any CPU
		{457F4696-DFA9-4C16-BA93-B632D1A2DA3C}.Release|Any CPU.Build.0 = Release|Any CPU
		{2807BD73-09EC-4BB8-914E-9EBF3F4B7535}.Debug|Any CPU.ActiveCfg = Debug|Any CPU
		{2807BD73-09EC-4BB8-914E-9EBF3F4B7535}.Debug|Any CPU.Build.0 = Debug|Any CPU
		{2807BD73-09EC-4BB8-914E-9EBF3F4B7535}.Release|Any CPU.ActiveCfg = Release|Any CPU
		{2807BD73-09EC-4BB8-914E-9EBF3F4B7535}.Release|Any CPU.Build.0 = Release|Any CPU
		{FDB5F917-BF9B-464C-88E6-55850B1E59A4}.Debug|Any CPU.ActiveCfg = Debug|Any CPU
		{FDB5F917-BF9B-464C-88E6-55850B1E59A4}.Debug|Any CPU.Build.0 = Debug|Any CPU
		{FDB5F917-BF9B-464C-88E6-55850B1E59A4}.Release|Any CPU.ActiveCfg = Release|Any CPU
		{FDB5F917-BF9B-464C-88E6-55850B1E59A4}.Release|Any CPU.Build.0 = Release|Any CPU
		{24B877B3-21B6-4846-B5A9-A1904EC976F9}.Debug|Any CPU.ActiveCfg = Debug|Any CPU
		{24B877B3-21B6-4846-B5A9-A1904EC976F9}.Debug|Any CPU.Build.0 = Debug|Any CPU
		{24B877B3-21B6-4846-B5A9-A1904EC976F9}.Release|Any CPU.ActiveCfg = Release|Any CPU
		{24B877B3-21B6-4846-B5A9-A1904EC976F9}.Release|Any CPU.Build.0 = Release|Any CPU
		{E1CE714B-17A5-43E9-B210-1B92E0536257}.Debug|Any CPU.ActiveCfg = Debug|Any CPU
		{E1CE714B-17A5-43E9-B210-1B92E0536257}.Debug|Any CPU.Build.0 = Debug|Any CPU
		{E1CE714B-17A5-43E9-B210-1B92E0536257}.Release|Any CPU.ActiveCfg = Release|Any CPU
		{E1CE714B-17A5-43E9-B210-1B92E0536257}.Release|Any CPU.Build.0 = Release|Any CPU
		{BF8E22EF-85AF-4BDE-BD31-85B951844629}.Debug|Any CPU.ActiveCfg = Debug|Any CPU
		{BF8E22EF-85AF-4BDE-BD31-85B951844629}.Debug|Any CPU.Build.0 = Debug|Any CPU
		{BF8E22EF-85AF-4BDE-BD31-85B951844629}.Release|Any CPU.ActiveCfg = Release|Any CPU
		{BF8E22EF-85AF-4BDE-BD31-85B951844629}.Release|Any CPU.Build.0 = Release|Any CPU
		{881C071F-F355-44D8-9147-1E12C0992646}.Debug|Any CPU.ActiveCfg = Debug|Any CPU
		{881C071F-F355-44D8-9147-1E12C0992646}.Debug|Any CPU.Build.0 = Debug|Any CPU
		{881C071F-F355-44D8-9147-1E12C0992646}.Release|Any CPU.ActiveCfg = Release|Any CPU
		{881C071F-F355-44D8-9147-1E12C0992646}.Release|Any CPU.Build.0 = Release|Any CPU
		{22D6570E-0E4D-4E3F-9C71-821D8F696FB6}.Debug|Any CPU.ActiveCfg = Debug|Any CPU
		{22D6570E-0E4D-4E3F-9C71-821D8F696FB6}.Debug|Any CPU.Build.0 = Debug|Any CPU
		{22D6570E-0E4D-4E3F-9C71-821D8F696FB6}.Release|Any CPU.ActiveCfg = Release|Any CPU
		{22D6570E-0E4D-4E3F-9C71-821D8F696FB6}.Release|Any CPU.Build.0 = Release|Any CPU
		{49659B21-89CC-4CD4-BE1C-1627139159F3}.Debug|Any CPU.ActiveCfg = Debug|Any CPU
		{49659B21-89CC-4CD4-BE1C-1627139159F3}.Debug|Any CPU.Build.0 = Debug|Any CPU
		{49659B21-89CC-4CD4-BE1C-1627139159F3}.Release|Any CPU.ActiveCfg = Release|Any CPU
		{49659B21-89CC-4CD4-BE1C-1627139159F3}.Release|Any CPU.Build.0 = Release|Any CPU
		{8C197B6A-01ED-4498-BB2B-4D1A7F4DCF0E}.Debug|Any CPU.ActiveCfg = Debug|Any CPU
		{8C197B6A-01ED-4498-BB2B-4D1A7F4DCF0E}.Debug|Any CPU.Build.0 = Debug|Any CPU
		{8C197B6A-01ED-4498-BB2B-4D1A7F4DCF0E}.Release|Any CPU.ActiveCfg = Release|Any CPU
		{8C197B6A-01ED-4498-BB2B-4D1A7F4DCF0E}.Release|Any CPU.Build.0 = Release|Any CPU
		{F77E0CE9-9B67-4C91-9D13-5C0553B6F0BA}.Debug|Any CPU.ActiveCfg = Debug|Any CPU
		{F77E0CE9-9B67-4C91-9D13-5C0553B6F0BA}.Debug|Any CPU.Build.0 = Debug|Any CPU
		{F77E0CE9-9B67-4C91-9D13-5C0553B6F0BA}.Release|Any CPU.ActiveCfg = Release|Any CPU
		{F77E0CE9-9B67-4C91-9D13-5C0553B6F0BA}.Release|Any CPU.Build.0 = Release|Any CPU
		{96E59B36-B007-43F0-ABDE-85897F9D139A}.Debug|Any CPU.ActiveCfg = Debug|Any CPU
		{96E59B36-B007-43F0-ABDE-85897F9D139A}.Debug|Any CPU.Build.0 = Debug|Any CPU
		{96E59B36-B007-43F0-ABDE-85897F9D139A}.Release|Any CPU.ActiveCfg = Release|Any CPU
		{96E59B36-B007-43F0-ABDE-85897F9D139A}.Release|Any CPU.Build.0 = Release|Any CPU
	EndGlobalSection
	GlobalSection(SolutionProperties) = preSolution
		HideSolutionNode = FALSE
	EndGlobalSection
	GlobalSection(NestedProjects) = preSolution
		{C59EC898-0B25-48FD-BF13-120F35310549} = {53819CA3-FC4B-4B4C-A87A-D2D833DE7A42}
	EndGlobalSection
	GlobalSection(ExtensibilityGlobals) = postSolution
		SolutionGuid = {0AF2413D-744A-4B06-A86D-49A24001C1B6}
	EndGlobalSection
EndGlobal
