
Microsoft Visual Studio Solution File, Format Version 12.00
# Visual Studio Version 17
VisualStudioVersion = 17.8.34330.188
MinimumVisualStudioVersion = 10.0.40219.1
Project("{9A19103F-16F7-4668-BE54-9A1E7A4F7556}") = "CSharp-Programming", "CSharp-Programming\CSharp-Programming.csproj", "{C59EC898-0B25-48FD-BF13-120F35310549}"
EndProject
Project("{2150E333-8FDC-42A3-9474-1A3956D46DE8}") = "CSharp", "CSharp", "{53819CA3-FC4B-4B4C-A87A-D2D833DE7A42}"
EndProject
Project("{9A19103F-16F7-4668-BE54-9A1E7A4F7556}") = "00._Programming", "00._Programming\00._Programming.csproj", "{229C0782-E74C-42DA-B773-12338B082105}"
EndProject
Project("{9A19103F-16F7-4668-BE54-9A1E7A4F7556}") = "01._DataType", "01._DataType\01._DataType.csproj", "{A2DA5920-A8F3-4F7A-85CD-CDEBBE58861E}"
EndProject
Project("{FAE04EC0-301F-11D3-BF4B-00C04F79EFBC}") = "02._Operator", "02._Operator\02._Operator.csproj", "{C5EEF656-6631-40D5-BC29-9927F5C673DD}"
EndProject
Global
	GlobalSection(SolutionConfigurationPlatforms) = preSolution
		Debug|Any CPU = Debug|Any CPU
		Release|Any CPU = Release|Any CPU
	EndGlobalSection
	GlobalSection(ProjectConfigurationPlatforms) = postSolution
		{C59EC898-0B25-48FD-BF13-120F35310549}.Debug|Any CPU.ActiveCfg = Debug|Any CPU
		{C59EC898-0B25-48FD-BF13-120F35310549}.Debug|Any CPU.Build.0 = Debug|Any CPU
		{C59EC898-0B25-48FD-BF13-120F35310549}.Release|Any CPU.ActiveCfg = Release|Any CPU
		{C59EC898-0B25-48FD-BF13-120F35310549}.Release|Any CPU.Build.0 = Release|Any CPU
		{229C0782-E74C-42DA-B773-12338B082105}.Debug|Any CPU.ActiveCfg = Debug|Any CPU
		{229C0782-E74C-42DA-B773-12338B082105}.Debug|Any CPU.Build.0 = Debug|Any CPU
		{229C0782-E74C-42DA-B773-12338B082105}.Release|Any CPU.ActiveCfg = Release|Any CPU
		{229C0782-E74C-42DA-B773-12338B082105}.Release|Any CPU.Build.0 = Release|Any CPU
		{A2DA5920-A8F3-4F7A-85CD-CDEBBE58861E}.Debug|Any CPU.ActiveCfg = Debug|Any CPU
		{A2DA5920-A8F3-4F7A-85CD-CDEBBE58861E}.Debug|Any CPU.Build.0 = Debug|Any CPU
		{A2DA5920-A8F3-4F7A-85CD-CDEBBE58861E}.Release|Any CPU.ActiveCfg = Release|Any CPU
		{A2DA5920-A8F3-4F7A-85CD-CDEBBE58861E}.Release|Any CPU.Build.0 = Release|Any CPU
		{C5EEF656-6631-40D5-BC29-9927F5C673DD}.Debug|Any CPU.ActiveCfg = Debug|Any CPU
		{C5EEF656-6631-40D5-BC29-9927F5C673DD}.Debug|Any CPU.Build.0 = Debug|Any CPU
		{C5EEF656-6631-40D5-BC29-9927F5C673DD}.Release|Any CPU.ActiveCfg = Release|Any CPU
		{C5EEF656-6631-40D5-BC29-9927F5C673DD}.Release|Any CPU.Build.0 = Release|Any CPU
	EndGlobalSection
	GlobalSection(SolutionProperties) = preSolution
		HideSolutionNode = FALSE
	EndGlobalSection
	GlobalSection(NestedProjects) = preSolution
		{C59EC898-0B25-48FD-BF13-120F35310549} = {53819CA3-FC4B-4B4C-A87A-D2D833DE7A42}
	EndGlobalSection
	GlobalSection(ExtensibilityGlobals) = postSolution
		SolutionGuid = {0AF2413D-744A-4B06-A86D-49A24001C1B6}
	EndGlobalSection
EndGlobal
